
Microsoft Visual Studio Solution File, Format Version 12.00
# Visual Studio Version 17
VisualStudioVersion = 17.13.35825.156
MinimumVisualStudioVersion = 10.0.40219.1
Project("{FAE04EC0-301F-11D3-BF4B-00C04F79EFBC}") = "Puissance4", "Puissance4\Puissance4.csproj", "{A39A766C-FC7C-4AD9-998D-DC60FFB97AE4}"
EndProject
Project("{FAE04EC0-301F-11D3-BF4B-00C04F79EFBC}") = "Puissance4.Test", "Puissance4.Test\Puissance4.Test.csproj", "{3898BCC5-1313-4303-A843-A054C3D8AD03}"
EndProject
Global
	GlobalSection(SolutionConfigurationPlatforms) = preSolution
		Debug|Any CPU = Debug|Any CPU
		Release|Any CPU = Release|Any CPU
	EndGlobalSection
	GlobalSection(ProjectConfigurationPlatforms) = postSolution
		{A39A766C-FC7C-4AD9-998D-DC60FFB97AE4}.Debug|Any CPU.ActiveCfg = Debug|Any CPU
		{A39A766C-FC7C-4AD9-998D-DC60FFB97AE4}.Debug|Any CPU.Build.0 = Debug|Any CPU
		{A39A766C-FC7C-4AD9-998D-DC60FFB97AE4}.Release|Any CPU.ActiveCfg = Release|Any CPU
		{A39A766C-FC7C-4AD9-998D-DC60FFB97AE4}.Release|Any CPU.Build.0 = Release|Any CPU
		{3898BCC5-1313-4303-A843-A054C3D8AD03}.Debug|Any CPU.ActiveCfg = Debug|Any CPU
		{3898BCC5-1313-4303-A843-A054C3D8AD03}.Debug|Any CPU.Build.0 = Debug|Any CPU
		{3898BCC5-1313-4303-A843-A054C3D8AD03}.Release|Any CPU.ActiveCfg = Release|Any CPU
		{3898BCC5-1313-4303-A843-A054C3D8AD03}.Release|Any CPU.Build.0 = Release|Any CPU
	EndGlobalSection
	GlobalSection(SolutionProperties) = preSolution
		HideSolutionNode = FALSE
	EndGlobalSection
	GlobalSection(ExtensibilityGlobals) = postSolution
		SolutionGuid = {9A30F8F2-C68A-43DA-B857-D78363C40948}
	EndGlobalSection
EndGlobal
